
Microsoft Visual Studio Solution File, Format Version 12.00
# Visual Studio Version 16
VisualStudioVersion = 16.0.29001.49
MinimumVisualStudioVersion = 10.0.40219.1
Project("{FAE04EC0-301F-11D3-BF4B-00C04F79EFBC}") = "Identity", "Identity\Identity.csproj", "{36749BF6-B2BC-4661-AD68-81E78680CE04}"
EndProject
Global
	GlobalSection(SolutionConfigurationPlatforms) = preSolution
		Debug|Any CPU = Debug|Any CPU
		Release|Any CPU = Release|Any CPU
	EndGlobalSection
	GlobalSection(ProjectConfigurationPlatforms) = postSolution
		{36749BF6-B2BC-4661-AD68-81E78680CE04}.Debug|Any CPU.ActiveCfg = Debug|Any CPU
		{36749BF6-B2BC-4661-AD68-81E78680CE04}.Debug|Any CPU.Build.0 = Debug|Any CPU
		{36749BF6-B2BC-4661-AD68-81E78680CE04}.Release|Any CPU.ActiveCfg = Release|Any CPU
		{36749BF6-B2BC-4661-AD68-81E78680CE04}.Release|Any CPU.Build.0 = Release|Any CPU
	EndGlobalSection
	GlobalSection(SolutionProperties) = preSolution
		HideSolutionNode = FALSE
	EndGlobalSection
	GlobalSection(ExtensibilityGlobals) = postSolution
		SolutionGuid = {F0F78F80-6181-4A81-A124-981123425950}
	EndGlobalSection
EndGlobal
